
Microsoft Visual Studio Solution File, Format Version 12.00
# Visual Studio Version 17
VisualStudioVersion = 17.5.33414.496
MinimumVisualStudioVersion = 10.0.40219.1
Project("{9A19103F-16F7-4668-BE54-9A1E7A4F7556}") = "DbFirstTestProject.DataLayer", "DbFirstTestProject.DataLayer\DbFirstTestProject.DataLayer.csproj", "{8D503A92-B48D-4AD9-A8EA-93D585FC2A3B}"
EndProject
Project("{FAE04EC0-301F-11D3-BF4B-00C04F79EFBC}") = "DbFirstTestProject.API", "DbFirstTestProject.API\DbFirstTestProject.API.csproj", "{D580515F-EB8C-4B36-AE12-EFEF47E2689E}"
EndProject
Global
	GlobalSection(SolutionConfigurationPlatforms) = preSolution
		Debug|Any CPU = Debug|Any CPU
		Release|Any CPU = Release|Any CPU
	EndGlobalSection
	GlobalSection(ProjectConfigurationPlatforms) = postSolution
		{8D503A92-B48D-4AD9-A8EA-93D585FC2A3B}.Debug|Any CPU.ActiveCfg = Debug|Any CPU
		{8D503A92-B48D-4AD9-A8EA-93D585FC2A3B}.Debug|Any CPU.Build.0 = Debug|Any CPU
		{8D503A92-B48D-4AD9-A8EA-93D585FC2A3B}.Release|Any CPU.ActiveCfg = Release|Any CPU
		{8D503A92-B48D-4AD9-A8EA-93D585FC2A3B}.Release|Any CPU.Build.0 = Release|Any CPU
		{D580515F-EB8C-4B36-AE12-EFEF47E2689E}.Debug|Any CPU.ActiveCfg = Debug|Any CPU
		{D580515F-EB8C-4B36-AE12-EFEF47E2689E}.Debug|Any CPU.Build.0 = Debug|Any CPU
		{D580515F-EB8C-4B36-AE12-EFEF47E2689E}.Release|Any CPU.ActiveCfg = Release|Any CPU
		{D580515F-EB8C-4B36-AE12-EFEF47E2689E}.Release|Any CPU.Build.0 = Release|Any CPU
	EndGlobalSection
	GlobalSection(SolutionProperties) = preSolution
		HideSolutionNode = FALSE
	EndGlobalSection
	GlobalSection(ExtensibilityGlobals) = postSolution
		SolutionGuid = {95A224FA-C4FD-41F0-99E1-8B3718257ED1}
	EndGlobalSection
EndGlobal
